
Microsoft Visual Studio Solution File, Format Version 12.00
# Visual Studio Version 17
VisualStudioVersion = 17.5.002.0
MinimumVisualStudioVersion = 10.0.40219.1
Project("{9A19103F-16F7-4668-BE54-9A1E7A4F7556}") = "HolaMundo", "HolaMundo\HolaMundo.csproj", "{A585A21F-59A2-40E8-A3C5-1323C760E1A8}"
EndProject
Global
	GlobalSection(SolutionConfigurationPlatforms) = preSolution
		Debug|Any CPU = Debug|Any CPU
		Release|Any CPU = Release|Any CPU
	EndGlobalSection
	GlobalSection(ProjectConfigurationPlatforms) = postSolution
		{A585A21F-59A2-40E8-A3C5-1323C760E1A8}.Debug|Any CPU.ActiveCfg = Debug|Any CPU
		{A585A21F-59A2-40E8-A3C5-1323C760E1A8}.Debug|Any CPU.Build.0 = Debug|Any CPU
		{A585A21F-59A2-40E8-A3C5-1323C760E1A8}.Release|Any CPU.ActiveCfg = Release|Any CPU
		{A585A21F-59A2-40E8-A3C5-1323C760E1A8}.Release|Any CPU.Build.0 = Release|Any CPU
	EndGlobalSection
	GlobalSection(SolutionProperties) = preSolution
		HideSolutionNode = FALSE
	EndGlobalSection
	GlobalSection(ExtensibilityGlobals) = postSolution
		SolutionGuid = {BDA6C940-0427-485E-8F42-B8C52E9D734F}
	EndGlobalSection
EndGlobal
